{
  "version": 4,
  "terraform_version": "1.2.4",
  "serial": 17,
  "lineage": "7b9e1a29-9486-9654-82b4-a65f01205259",
  "outputs": {
    "application_public_address": {
      "value": "ziqtaz.eastus.cloudapp.azure.com",
      "type": "string"
    }
  },
  "resources": [
    {
      "mode": "data",
      "type": "azurerm_mysql_server",
      "name": "wordpress",
      "provider": "provider[\"registry.terraform.io/hashicorp/azurerm\"]",
      "instances": [
        {
          "schema_version": 0,
          "attributes": {
            "administrator_login": "wordpress",
            "auto_grow_enabled": false,
            "backup_retention_days": 7,
            "fqdn": "mysqlserver-ziqtaz.mysql.database.azure.com",
            "geo_redundant_backup_enabled": false,
            "id": "/subscriptions/6896efad-ddfe-4662-b811-ee6f2766976f/resourceGroups/wordpressResourceGroup/providers/Microsoft.DBforMySQL/servers/mysqlserver-ziqtaz",
            "identity": [],
            "infrastructure_encryption_enabled": false,
            "location": "eastus",
            "name": "mysqlserver-ziqtaz",
            "public_network_access_enabled": true,
            "resource_group_name": "wordpressResourceGroup",
            "restore_point_in_time": null,
            "sku_name": "GP_Gen5_4",
            "ssl_enforcement_enabled": false,
            "ssl_minimal_tls_version_enforced": "TLSEnforcementDisabled",
            "storage_mb": 102400,
            "tags": {},
            "threat_detection_policy": [],
            "timeouts": null,
            "version": "5.7"
          },
          "sensitive_attributes": []
        }
      ]
    },
    {
      "mode": "managed",
      "type": "azurerm_lb",
      "name": "wordpress",
      "provider": "provider[\"registry.terraform.io/hashicorp/azurerm\"]",
      "instances": [
        {
          "schema_version": 0,
          "attributes": {
            "frontend_ip_configuration": [
              {
                "availability_zone": "No-Zone",
                "gateway_load_balancer_frontend_ip_configuration_id": "",
                "id": "/subscriptions/6896efad-ddfe-4662-b811-ee6f2766976f/resourceGroups/wordpressResourceGroup/providers/Microsoft.Network/loadBalancers/wordpress-lb/frontendIPConfigurations/PublicIPAddress",
                "inbound_nat_rules": [],
                "load_balancer_rules": [
                  "/subscriptions/6896efad-ddfe-4662-b811-ee6f2766976f/resourceGroups/wordpressResourceGroup/providers/Microsoft.Network/loadBalancers/wordpress-lb/loadBalancingRules/http"
                ],
                "name": "PublicIPAddress",
                "outbound_rules": [],
                "private_ip_address": "",
                "private_ip_address_allocation": "Dynamic",
                "private_ip_address_version": "",
                "public_ip_address_id": "/subscriptions/6896efad-ddfe-4662-b811-ee6f2766976f/resourceGroups/wordpressResourceGroup/providers/Microsoft.Network/publicIPAddresses/wordpress-public-ip",
                "public_ip_prefix_id": "",
                "subnet_id": "",
                "zones": []
              }
            ],
            "id": "/subscriptions/6896efad-ddfe-4662-b811-ee6f2766976f/resourceGroups/wordpressResourceGroup/providers/Microsoft.Network/loadBalancers/wordpress-lb",
            "location": "eastus",
            "name": "wordpress-lb",
            "private_ip_address": "",
            "private_ip_addresses": [],
            "resource_group_name": "wordpressResourceGroup",
            "sku": "Basic",
            "sku_tier": "Regional",
            "tags": {
              "environment": "Test"
            },
            "timeouts": null
          },
          "sensitive_attributes": [],
          "private": "eyJlMmJmYjczMC1lY2FhLTExZTYtOGY4OC0zNDM2M2JjN2M0YzAiOnsiY3JlYXRlIjoxODAwMDAwMDAwMDAwLCJkZWxldGUiOjE4MDAwMDAwMDAwMDAsInJlYWQiOjMwMDAwMDAwMDAwMCwidXBkYXRlIjoxODAwMDAwMDAwMDAwfX0=",
          "dependencies": [
            "azurerm_public_ip.wordpress",
            "azurerm_resource_group.wordpress",
            "random_string.fqdn"
          ]
        }
      ]
    },
    {
      "mode": "managed",
      "type": "azurerm_lb_backend_address_pool",
      "name": "bpepool",
      "provider": "provider[\"registry.terraform.io/hashicorp/azurerm\"]",
      "instances": [
        {
          "schema_version": 0,
          "attributes": {
            "backend_address": [],
            "backend_ip_configurations": [
              "/subscriptions/6896efad-ddfe-4662-b811-ee6f2766976f/resourceGroups/wordpressResourceGroup/providers/Microsoft.Compute/virtualMachineScaleSets/vmscaleset/virtualMachines/0/networkInterfaces/NetworkInterface/ipConfigurations/IPConfiguration",
              "/subscriptions/6896efad-ddfe-4662-b811-ee6f2766976f/resourceGroups/wordpressResourceGroup/providers/Microsoft.Compute/virtualMachineScaleSets/vmscaleset/virtualMachines/1/networkInterfaces/NetworkInterface/ipConfigurations/IPConfiguration"
            ],
            "id": "/subscriptions/6896efad-ddfe-4662-b811-ee6f2766976f/resourceGroups/wordpressResourceGroup/providers/Microsoft.Network/loadBalancers/wordpress-lb/backendAddressPools/BackEndAddressPool",
            "load_balancing_rules": [
              "/subscriptions/6896efad-ddfe-4662-b811-ee6f2766976f/resourceGroups/wordpressResourceGroup/providers/Microsoft.Network/loadBalancers/wordpress-lb/loadBalancingRules/http"
            ],
            "loadbalancer_id": "/subscriptions/6896efad-ddfe-4662-b811-ee6f2766976f/resourceGroups/wordpressResourceGroup/providers/Microsoft.Network/loadBalancers/wordpress-lb",
            "name": "BackEndAddressPool",
            "outbound_rules": [],
            "resource_group_name": "wordpressResourceGroup",
            "timeouts": null,
            "tunnel_interface": []
          },
          "sensitive_attributes": [],
          "private": "eyJlMmJmYjczMC1lY2FhLTExZTYtOGY4OC0zNDM2M2JjN2M0YzAiOnsiY3JlYXRlIjoxODAwMDAwMDAwMDAwLCJkZWxldGUiOjE4MDAwMDAwMDAwMDAsInJlYWQiOjMwMDAwMDAwMDAwMCwidXBkYXRlIjoxODAwMDAwMDAwMDAwfX0=",
          "dependencies": [
            "azurerm_lb.wordpress",
            "azurerm_public_ip.wordpress",
            "azurerm_resource_group.wordpress",
            "random_string.fqdn"
          ]
        }
      ]
    },
    {
      "mode": "managed",
      "type": "azurerm_lb_probe",
      "name": "wordpress",
      "provider": "provider[\"registry.terraform.io/hashicorp/azurerm\"]",
      "instances": [
        {
          "schema_version": 0,
          "attributes": {
            "id": "/subscriptions/6896efad-ddfe-4662-b811-ee6f2766976f/resourceGroups/wordpressResourceGroup/providers/Microsoft.Network/loadBalancers/wordpress-lb/probes/ssh-running-probe",
            "interval_in_seconds": 15,
            "load_balancer_rules": [
              "/subscriptions/6896efad-ddfe-4662-b811-ee6f2766976f/resourceGroups/wordpressResourceGroup/providers/Microsoft.Network/loadBalancers/wordpress-lb/loadBalancingRules/http"
            ],
            "loadbalancer_id": "/subscriptions/6896efad-ddfe-4662-b811-ee6f2766976f/resourceGroups/wordpressResourceGroup/providers/Microsoft.Network/loadBalancers/wordpress-lb",
            "name": "ssh-running-probe",
            "number_of_probes": 2,
            "port": 80,
            "protocol": "Tcp",
            "request_path": "",
            "resource_group_name": "wordpressResourceGroup",
            "timeouts": null
          },
          "sensitive_attributes": [],
          "private": "eyJlMmJmYjczMC1lY2FhLTExZTYtOGY4OC0zNDM2M2JjN2M0YzAiOnsiY3JlYXRlIjoxODAwMDAwMDAwMDAwLCJkZWxldGUiOjE4MDAwMDAwMDAwMDAsInJlYWQiOjMwMDAwMDAwMDAwMCwidXBkYXRlIjoxODAwMDAwMDAwMDAwfX0=",
          "dependencies": [
            "azurerm_lb.wordpress",
            "azurerm_public_ip.wordpress",
            "azurerm_resource_group.wordpress",
            "random_string.fqdn"
          ]
        }
      ]
    },
    {
      "mode": "managed",
      "type": "azurerm_lb_rule",
      "name": "lbnatrule",
      "provider": "provider[\"registry.terraform.io/hashicorp/azurerm\"]",
      "instances": [
        {
          "schema_version": 0,
          "attributes": {
            "backend_address_pool_id": "/subscriptions/6896efad-ddfe-4662-b811-ee6f2766976f/resourceGroups/wordpressResourceGroup/providers/Microsoft.Network/loadBalancers/wordpress-lb/backendAddressPools/BackEndAddressPool",
            "backend_address_pool_ids": [
              "/subscriptions/6896efad-ddfe-4662-b811-ee6f2766976f/resourceGroups/wordpressResourceGroup/providers/Microsoft.Network/loadBalancers/wordpress-lb/backendAddressPools/BackEndAddressPool"
            ],
            "backend_port": 80,
            "disable_outbound_snat": false,
            "enable_floating_ip": false,
            "enable_tcp_reset": false,
            "frontend_ip_configuration_id": "/subscriptions/6896efad-ddfe-4662-b811-ee6f2766976f/resourceGroups/wordpressResourceGroup/providers/Microsoft.Network/loadBalancers/wordpress-lb/frontendIPConfigurations/PublicIPAddress",
            "frontend_ip_configuration_name": "PublicIPAddress",
            "frontend_port": 80,
            "id": "/subscriptions/6896efad-ddfe-4662-b811-ee6f2766976f/resourceGroups/wordpressResourceGroup/providers/Microsoft.Network/loadBalancers/wordpress-lb/loadBalancingRules/http",
            "idle_timeout_in_minutes": 4,
            "load_distribution": "Default",
            "loadbalancer_id": "/subscriptions/6896efad-ddfe-4662-b811-ee6f2766976f/resourceGroups/wordpressResourceGroup/providers/Microsoft.Network/loadBalancers/wordpress-lb",
            "name": "http",
            "probe_id": "/subscriptions/6896efad-ddfe-4662-b811-ee6f2766976f/resourceGroups/wordpressResourceGroup/providers/Microsoft.Network/loadBalancers/wordpress-lb/probes/ssh-running-probe",
            "protocol": "Tcp",
            "resource_group_name": "wordpressResourceGroup",
            "timeouts": null
          },
          "sensitive_attributes": [],
          "private": "eyJlMmJmYjczMC1lY2FhLTExZTYtOGY4OC0zNDM2M2JjN2M0YzAiOnsiY3JlYXRlIjoxODAwMDAwMDAwMDAwLCJkZWxldGUiOjE4MDAwMDAwMDAwMDAsInJlYWQiOjMwMDAwMDAwMDAwMCwidXBkYXRlIjoxODAwMDAwMDAwMDAwfX0=",
          "dependencies": [
            "azurerm_lb.wordpress",
            "azurerm_lb_backend_address_pool.bpepool",
            "azurerm_lb_probe.wordpress",
            "azurerm_public_ip.wordpress",
            "azurerm_resource_group.wordpress",
            "random_string.fqdn"
          ]
        }
      ]
    },
    {
      "mode": "managed",
      "type": "azurerm_linux_virtual_machine_scale_set",
      "name": "wordpress",
      "provider": "provider[\"registry.terraform.io/hashicorp/azurerm\"]",
      "instances": [
        {
          "schema_version": 0,
          "attributes": {
            "additional_capabilities": [],
            "admin_password": "W0rdpr3ss@p4ss",
            "admin_ssh_key": [],
            "admin_username": "wordpress",
            "automatic_instance_repair": [
              {
                "enabled": false,
                "grace_period": "PT30M"
              }
            ],
            "automatic_os_upgrade_policy": [],
            "boot_diagnostics": [],
            "computer_name_prefix": "vmscaleset",
            "custom_data": "IyEvYmluL2Jhc2gKc3VkbyB5dW0gaW5zdGFsbCBodHRwZCB3Z2V0IHVuemlwIGVwZWwtcmVsZWFzZSBteXNxbCAteQpzdWRvIHl1bSAteSBpbnN0YWxsIGh0dHA6Ly9ycG1zLnJlbWlyZXBvLm5ldC9lbnRlcnByaXNlL3JlbWktcmVsZWFzZS03LnJwbQpzdWRvIHl1bSAteSBpbnN0YWxsIHl1bS11dGlscwpzdWRvIHl1bS1jb25maWctbWFuYWdlciAtLWVuYWJsZSByZW1pLXBocDU2ICAgW0luc3RhbGwgUEhQIDUuNl0Kc3VkbyB5dW0gLXkgaW5zdGFsbCBwaHAgcGhwLW1jcnlwdCBwaHAtY2xpIHBocC1nZCBwaHAtY3VybCBwaHAtbXlzcWwgcGhwLWxkYXAgcGhwLXppcCBwaHAtZmlsZWluZm8Kc3VkbyB3Z2V0IGh0dHBzOi8vd29yZHByZXNzLm9yZy9sYXRlc3QudGFyLmd6CnN1ZG8gdGFyIC14ZiBsYXRlc3QudGFyLmd6IC1DIC92YXIvd3d3L2h0bWwvCnN1ZG8gbXYgL3Zhci93d3cvaHRtbC93b3JkcHJlc3MvKiAvdmFyL3d3dy9odG1sLwpzdWRvIGdldGVuZm9yY2UKc3VkbyBzZWQgJ3MvU0VMSU5VWD1wZXJtaXNzaXZlL1NFTElOVVg9ZW5mb3JjaW5nL2cnIC9ldGMvc3lzY29uZmlnL3NlbGludXggLWkKc3VkbyBzZXRlbmZvcmNlIDAKc3VkbyBjaG93biAtUiBhcGFjaGU6YXBhY2hlIC92YXIvd3d3L2h0bWwvCnN1ZG8gc3lzdGVtY3RsIHN0YXJ0IGh0dHBkCnN1ZG8gc3lzdGVtY3RsIGVuYWJsZSBodHRwZAoKCnN1ZG8gZXhwb3J0IFdPUkRQUkVTU19EQl9IT1NUPW15c3Fsc2VydmVyLSR7KHJhbmRvbV9zdHJpbmcuZnFkbi5yZXN1bHQpfS5teXNxbC5kYXRhYmFzZS5henVyZS5jb20Kc3VkbyBleHBvcnQgV09SRFBSRVNTX0RCX1VTRVI9d29yZHByZXNzCnN1ZG8gZXhwb3J0IFdPUkRQUkVTU19EQl9QQVNTV09SRD1XMHJkcHIzc3NAcDRzcwpzdWRvIGV4cG9ydCBXT1JEUFJFU1NfREJfTkFNRT13b3JkcHJlc3MK",
            "data_disk": [],
            "disable_password_authentication": false,
            "do_not_run_extensions_on_overprovisioned_machines": false,
            "encryption_at_host_enabled": false,
            "eviction_policy": "",
            "extension": [],
            "extensions_time_budget": "PT1H30M",
            "health_probe_id": "",
            "id": "/subscriptions/6896efad-ddfe-4662-b811-ee6f2766976f/resourceGroups/wordpressResourceGroup/providers/Microsoft.Compute/virtualMachineScaleSets/vmscaleset",
            "identity": [],
            "instances": 1,
            "location": "eastus",
            "max_bid_price": -1,
            "name": "vmscaleset",
            "network_interface": [
              {
                "dns_servers": [],
                "enable_accelerated_networking": false,
                "enable_ip_forwarding": false,
                "ip_configuration": [
                  {
                    "application_gateway_backend_address_pool_ids": [],
                    "application_security_group_ids": [],
                    "load_balancer_backend_address_pool_ids": [
                      "/subscriptions/6896efad-ddfe-4662-b811-ee6f2766976f/resourceGroups/wordpressResourceGroup/providers/Microsoft.Network/loadBalancers/wordpress-lb/backendAddressPools/BackEndAddressPool"
                    ],
                    "load_balancer_inbound_nat_rules_ids": [],
                    "name": "IPConfiguration",
                    "primary": true,
                    "public_ip_address": [],
                    "subnet_id": "/subscriptions/6896efad-ddfe-4662-b811-ee6f2766976f/resourceGroups/wordpressResourceGroup/providers/Microsoft.Network/virtualNetworks/wordpress-vnet/subnets/wordpress-subnet",
                    "version": "IPv4"
                  }
                ],
                "name": "NetworkInterface",
                "network_security_group_id": "",
                "primary": true
              }
            ],
            "os_disk": [
              {
                "caching": "ReadWrite",
                "diff_disk_settings": [],
                "disk_encryption_set_id": "",
                "disk_size_gb": 30,
                "storage_account_type": "Standard_LRS",
                "write_accelerator_enabled": false
              }
            ],
            "overprovision": true,
            "plan": [],
            "platform_fault_domain_count": 0,
            "priority": "Regular",
            "provision_vm_agent": true,
            "proximity_placement_group_id": "",
            "resource_group_name": "wordpressResourceGroup",
            "rolling_upgrade_policy": [],
            "scale_in_policy": "Default",
            "secret": [],
            "secure_boot_enabled": false,
            "single_placement_group": true,
            "sku": "Standard_D2S_v3",
            "source_image_id": "",
            "source_image_reference": [
              {
                "offer": "CentOS",
                "publisher": "OpenLogic",
                "sku": "7_9-gen2",
                "version": "latest"
              }
            ],
            "tags": {
              "environment": "Test"
            },
            "terminate_notification": [],
            "timeouts": null,
            "unique_id": "3fb309d9-ac9d-427e-b5c0-0cf54f7f984b",
            "upgrade_mode": "Manual",
            "user_data": "",
            "vtpm_enabled": false,
            "zone_balance": false,
            "zones": []
          },
          "sensitive_attributes": [],
          "private": "eyJlMmJmYjczMC1lY2FhLTExZTYtOGY4OC0zNDM2M2JjN2M0YzAiOnsiY3JlYXRlIjoxODAwMDAwMDAwMDAwLCJkZWxldGUiOjE4MDAwMDAwMDAwMDAsInJlYWQiOjMwMDAwMDAwMDAwMCwidXBkYXRlIjozNjAwMDAwMDAwMDAwfX0=",
          "dependencies": [
            "azurerm_lb_backend_address_pool.bpepool",
            "azurerm_resource_group.wordpress",
            "azurerm_subnet.wordpress"
          ]
        }
      ]
    },
    {
      "mode": "managed",
      "type": "azurerm_mysql_database",
      "name": "wordpress",
      "provider": "provider[\"registry.terraform.io/hashicorp/azurerm\"]",
      "instances": [
        {
          "schema_version": 0,
          "attributes": {
            "charset": "utf8",
            "collation": "utf8_unicode_ci",
            "id": "/subscriptions/6896efad-ddfe-4662-b811-ee6f2766976f/resourceGroups/wordpressResourceGroup/providers/Microsoft.DBforMySQL/servers/mysqlserver-ziqtaz/databases/db-ziqtaz",
            "name": "db-ziqtaz",
            "resource_group_name": "wordpressResourceGroup",
            "server_name": "mysqlserver-ziqtaz",
            "timeouts": null
          },
          "sensitive_attributes": [],
          "private": "eyJlMmJmYjczMC1lY2FhLTExZTYtOGY4OC0zNDM2M2JjN2M0YzAiOnsiY3JlYXRlIjozNjAwMDAwMDAwMDAwLCJkZWxldGUiOjM2MDAwMDAwMDAwMDAsInJlYWQiOjMwMDAwMDAwMDAwMCwidXBkYXRlIjozNjAwMDAwMDAwMDAwfX0=",
          "dependencies": [
            "azurerm_mysql_server.wordpress",
            "azurerm_resource_group.wordpress",
            "random_string.fqdn"
          ]
        }
      ]
    },
    {
      "mode": "managed",
      "type": "azurerm_mysql_firewall_rule",
      "name": "wordpress",
      "provider": "provider[\"registry.terraform.io/hashicorp/azurerm\"]",
      "instances": [
        {
          "schema_version": 0,
          "attributes": {
            "end_ip_address": "20.232.150.114",
            "id": "/subscriptions/6896efad-ddfe-4662-b811-ee6f2766976f/resourceGroups/wordpressResourceGroup/providers/Microsoft.DBforMySQL/servers/mysqlserver-ziqtaz/firewallRules/wordpress-mysql-firewall-rule",
            "name": "wordpress-mysql-firewall-rule",
            "resource_group_name": "wordpressResourceGroup",
            "server_name": "mysqlserver-ziqtaz",
            "start_ip_address": "20.232.150.114",
            "timeouts": null
          },
          "sensitive_attributes": [],
          "private": "eyJlMmJmYjczMC1lY2FhLTExZTYtOGY4OC0zNDM2M2JjN2M0YzAiOnsiY3JlYXRlIjoxODAwMDAwMDAwMDAwLCJkZWxldGUiOjE4MDAwMDAwMDAwMDAsInJlYWQiOjMwMDAwMDAwMDAwMCwidXBkYXRlIjoxODAwMDAwMDAwMDAwfX0=",
          "dependencies": [
            "azurerm_mysql_server.wordpress",
            "azurerm_public_ip.wordpress",
            "azurerm_resource_group.wordpress",
            "random_string.fqdn"
          ]
        }
      ]
    },
    {
      "mode": "managed",
      "type": "azurerm_mysql_server",
      "name": "wordpress",
      "provider": "provider[\"registry.terraform.io/hashicorp/azurerm\"]",
      "instances": [
        {
          "schema_version": 0,
          "attributes": {
            "administrator_login": "wordpress",
            "administrator_login_password": "W0rdpr3ss@p4ss",
            "auto_grow_enabled": false,
            "backup_retention_days": 7,
            "create_mode": "Default",
            "creation_source_server_id": null,
            "fqdn": "mysqlserver-ziqtaz.mysql.database.azure.com",
            "geo_redundant_backup_enabled": false,
            "id": "/subscriptions/6896efad-ddfe-4662-b811-ee6f2766976f/resourceGroups/wordpressResourceGroup/providers/Microsoft.DBforMySQL/servers/mysqlserver-ziqtaz",
            "identity": [],
            "infrastructure_encryption_enabled": false,
            "location": "eastus",
            "name": "mysqlserver-ziqtaz",
            "public_network_access_enabled": true,
            "resource_group_name": "wordpressResourceGroup",
            "restore_point_in_time": null,
            "sku_name": "GP_Gen5_4",
            "ssl_enforcement": "Disabled",
            "ssl_enforcement_enabled": false,
            "ssl_minimal_tls_version_enforced": "TLSEnforcementDisabled",
            "storage_mb": 102400,
            "storage_profile": [
              {
                "auto_grow": "Disabled",
                "backup_retention_days": 7,
                "geo_redundant_backup": "Disabled",
                "storage_mb": 102400
              }
            ],
            "tags": {},
            "threat_detection_policy": [],
            "timeouts": null,
            "version": "5.7"
          },
          "sensitive_attributes": [],
          "private": "eyJlMmJmYjczMC1lY2FhLTExZTYtOGY4OC0zNDM2M2JjN2M0YzAiOnsiY3JlYXRlIjozNjAwMDAwMDAwMDAwLCJkZWxldGUiOjM2MDAwMDAwMDAwMDAsInJlYWQiOjMwMDAwMDAwMDAwMCwidXBkYXRlIjozNjAwMDAwMDAwMDAwfX0=",
          "dependencies": [
            "azurerm_resource_group.wordpress",
            "random_string.fqdn"
          ]
        }
      ]
    },
    {
      "mode": "managed",
      "type": "azurerm_public_ip",
      "name": "wordpress",
      "provider": "provider[\"registry.terraform.io/hashicorp/azurerm\"]",
      "instances": [
        {
          "schema_version": 0,
          "attributes": {
            "allocation_method": "Static",
            "availability_zone": "No-Zone",
            "domain_name_label": "ziqtaz",
            "fqdn": "ziqtaz.eastus.cloudapp.azure.com",
            "id": "/subscriptions/6896efad-ddfe-4662-b811-ee6f2766976f/resourceGroups/wordpressResourceGroup/providers/Microsoft.Network/publicIPAddresses/wordpress-public-ip",
            "idle_timeout_in_minutes": 4,
            "ip_address": "20.232.150.114",
            "ip_tags": {},
            "ip_version": "IPv4",
            "location": "eastus",
            "name": "wordpress-public-ip",
            "public_ip_prefix_id": null,
            "resource_group_name": "wordpressResourceGroup",
            "reverse_fqdn": "",
            "sku": "Basic",
            "sku_tier": "Regional",
            "tags": {
              "environment": "Test"
            },
            "timeouts": null,
            "zones": []
          },
          "sensitive_attributes": [],
          "private": "eyJlMmJmYjczMC1lY2FhLTExZTYtOGY4OC0zNDM2M2JjN2M0YzAiOnsiY3JlYXRlIjoxODAwMDAwMDAwMDAwLCJkZWxldGUiOjE4MDAwMDAwMDAwMDAsInJlYWQiOjMwMDAwMDAwMDAwMCwidXBkYXRlIjoxODAwMDAwMDAwMDAwfX0=",
          "dependencies": [
            "azurerm_resource_group.wordpress",
            "random_string.fqdn"
          ]
        }
      ]
    },
    {
      "mode": "managed",
      "type": "azurerm_resource_group",
      "name": "wordpress",
      "provider": "provider[\"registry.terraform.io/hashicorp/azurerm\"]",
      "instances": [
        {
          "schema_version": 0,
          "attributes": {
            "id": "/subscriptions/6896efad-ddfe-4662-b811-ee6f2766976f/resourceGroups/wordpressResourceGroup",
            "location": "eastus",
            "name": "wordpressResourceGroup",
            "tags": {
              "environment": "Test"
            },
            "timeouts": null
          },
          "sensitive_attributes": [],
          "private": "eyJlMmJmYjczMC1lY2FhLTExZTYtOGY4OC0zNDM2M2JjN2M0YzAiOnsiY3JlYXRlIjo1NDAwMDAwMDAwMDAwLCJkZWxldGUiOjU0MDAwMDAwMDAwMDAsInJlYWQiOjMwMDAwMDAwMDAwMCwidXBkYXRlIjo1NDAwMDAwMDAwMDAwfX0="
        }
      ]
    },
    {
      "mode": "managed",
      "type": "azurerm_subnet",
      "name": "wordpress",
      "provider": "provider[\"registry.terraform.io/hashicorp/azurerm\"]",
      "instances": [
        {
          "schema_version": 0,
          "attributes": {
            "address_prefix": "10.0.2.0/24",
            "address_prefixes": [
              "10.0.2.0/24"
            ],
            "delegation": [],
            "enforce_private_link_endpoint_network_policies": false,
            "enforce_private_link_service_network_policies": false,
            "id": "/subscriptions/6896efad-ddfe-4662-b811-ee6f2766976f/resourceGroups/wordpressResourceGroup/providers/Microsoft.Network/virtualNetworks/wordpress-vnet/subnets/wordpress-subnet",
            "name": "wordpress-subnet",
            "resource_group_name": "wordpressResourceGroup",
            "service_endpoint_policy_ids": [],
            "service_endpoints": [],
            "timeouts": null,
            "virtual_network_name": "wordpress-vnet"
          },
          "sensitive_attributes": [],
          "private": "eyJlMmJmYjczMC1lY2FhLTExZTYtOGY4OC0zNDM2M2JjN2M0YzAiOnsiY3JlYXRlIjoxODAwMDAwMDAwMDAwLCJkZWxldGUiOjE4MDAwMDAwMDAwMDAsInJlYWQiOjMwMDAwMDAwMDAwMCwidXBkYXRlIjoxODAwMDAwMDAwMDAwfX0=",
          "dependencies": [
            "azurerm_resource_group.wordpress",
            "azurerm_virtual_network.wordpress"
          ]
        }
      ]
    },
    {
      "mode": "managed",
      "type": "azurerm_virtual_network",
      "name": "wordpress",
      "provider": "provider[\"registry.terraform.io/hashicorp/azurerm\"]",
      "instances": [
        {
          "schema_version": 0,
          "attributes": {
            "address_space": [
              "10.0.0.0/16"
            ],
            "bgp_community": "",
            "ddos_protection_plan": [],
            "dns_servers": [],
            "flow_timeout_in_minutes": 0,
            "guid": "cb9b14f8-cdbe-4b63-b4cf-6f9dfda35b5f",
            "id": "/subscriptions/6896efad-ddfe-4662-b811-ee6f2766976f/resourceGroups/wordpressResourceGroup/providers/Microsoft.Network/virtualNetworks/wordpress-vnet",
            "location": "eastus",
            "name": "wordpress-vnet",
            "resource_group_name": "wordpressResourceGroup",
            "subnet": [
              {
                "address_prefix": "10.0.2.0/24",
                "id": "/subscriptions/6896efad-ddfe-4662-b811-ee6f2766976f/resourceGroups/wordpressResourceGroup/providers/Microsoft.Network/virtualNetworks/wordpress-vnet/subnets/wordpress-subnet",
                "name": "wordpress-subnet",
                "security_group": ""
              }
            ],
            "tags": {
              "environment": "Test"
            },
            "timeouts": null,
            "vm_protection_enabled": false
          },
          "sensitive_attributes": [],
          "private": "eyJlMmJmYjczMC1lY2FhLTExZTYtOGY4OC0zNDM2M2JjN2M0YzAiOnsiY3JlYXRlIjoxODAwMDAwMDAwMDAwLCJkZWxldGUiOjE4MDAwMDAwMDAwMDAsInJlYWQiOjMwMDAwMDAwMDAwMCwidXBkYXRlIjoxODAwMDAwMDAwMDAwfX0=",
          "dependencies": [
            "azurerm_resource_group.wordpress"
          ]
        }
      ]
    },
    {
      "mode": "managed",
      "type": "random_string",
      "name": "fqdn",
      "provider": "provider[\"registry.terraform.io/hashicorp/random\"]",
      "instances": [
        {
          "schema_version": 1,
          "attributes": {
            "id": "ziqtaz",
            "keepers": null,
            "length": 6,
            "lower": true,
            "min_lower": 0,
            "min_numeric": 0,
            "min_special": 0,
            "min_upper": 0,
            "number": false,
            "override_special": null,
            "result": "ziqtaz",
            "special": false,
            "upper": false
          },
          "sensitive_attributes": [],
          "private": "eyJzY2hlbWFfdmVyc2lvbiI6IjEifQ=="
        }
      ]
    }
  ]
}
